
Microsoft Visual Studio Solution File, Format Version 9.00
# Visual Studio 2005
Project("{8BC9CEB8-8B4A-11D0-8D11-00A0C91BC942}") = "seedy", "seedy\seedy.vcproj", "{7AC310FA-73DA-4D89-AA7B-C92A1E312B86}"
EndProject
Project("{8BC9CEB8-8B4A-11D0-8D11-00A0C91BC942}") = "seed", "..\seed\seed.vcproj", "{F31B7EEC-D782-4B5F-9A36-272B7BFE535B}"
EndProject
Project("{8BC9CEB8-8B4A-11D0-8D11-00A0C91BC942}") = "random", "..\random\random.vcproj", "{01EC973A-E297-499B-8AAB-97A3A4E95233}"
EndProject
Global
	GlobalSection(SolutionConfigurationPlatforms) = preSolution
		Debug|Win32 = Debug|Win32
		Release|Win32 = Release|Win32
	EndGlobalSection
	GlobalSection(ProjectConfigurationPlatforms) = postSolution
		{7AC310FA-73DA-4D89-AA7B-C92A1E312B86}.Debug|Win32.ActiveCfg = Debug|Win32
		{7AC310FA-73DA-4D89-AA7B-C92A1E312B86}.Debug|Win32.Build.0 = Debug|Win32
		{7AC310FA-73DA-4D89-AA7B-C92A1E312B86}.Release|Win32.ActiveCfg = Release|Win32
		{7AC310FA-73DA-4D89-AA7B-C92A1E312B86}.Release|Win32.Build.0 = Release|Win32
		{F31B7EEC-D782-4B5F-9A36-272B7BFE535B}.Debug|Win32.ActiveCfg = Debug|Win32
		{F31B7EEC-D782-4B5F-9A36-272B7BFE535B}.Debug|Win32.Build.0 = Debug|Win32
		{F31B7EEC-D782-4B5F-9A36-272B7BFE535B}.Release|Win32.ActiveCfg = Release|Win32
		{F31B7EEC-D782-4B5F-9A36-272B7BFE535B}.Release|Win32.Build.0 = Release|Win32
		{01EC973A-E297-499B-8AAB-97A3A4E95233}.Debug|Win32.ActiveCfg = Debug|Win32
		{01EC973A-E297-499B-8AAB-97A3A4E95233}.Debug|Win32.Build.0 = Debug|Win32
		{01EC973A-E297-499B-8AAB-97A3A4E95233}.Release|Win32.ActiveCfg = Release|Win32
		{01EC973A-E297-499B-8AAB-97A3A4E95233}.Release|Win32.Build.0 = Release|Win32
	EndGlobalSection
	GlobalSection(SolutionProperties) = preSolution
		HideSolutionNode = FALSE
	EndGlobalSection
EndGlobal
