
Microsoft Visual Studio Solution File, Format Version 12.00
# Visual Studio Version 17
VisualStudioVersion = 17.11.35222.181
MinimumVisualStudioVersion = 10.0.40219.1
Project("{8BC9CEB8-8B4A-11D0-8D11-00A0C91BC942}") = "libseedy", "libseedy.vcxproj", "{ED508DFA-A8E6-40FF-8675-9DBC9C2791AF}"
EndProject
Project("{8BC9CEB8-8B4A-11D0-8D11-00A0C91BC942}") = "seed", "..\seed\seed.vcxproj", "{F23B70A0-B8EC-47E1-96A4-FE6DEF657989}"
EndProject
Project("{8BC9CEB8-8B4A-11D0-8D11-00A0C91BC942}") = "random", "..\random\random.vcxproj", "{6FE28BDB-E859-4565-B25F-7636FDA4FA8C}"
EndProject
Project("{8BC9CEB8-8B4A-11D0-8D11-00A0C91BC942}") = "genmt16", "..\genmt16\genmt16.vcxproj", "{C4A596D4-DEE2-4D33-BB58-25800C25BFE9}"
EndProject
Project("{8BC9CEB8-8B4A-11D0-8D11-00A0C91BC942}") = "genmt32", "..\genmt32\genmt32.vcxproj", "{EE9E3976-D4F3-411B-9B53-1E796C0AB187}"
EndProject
Project("{8BC9CEB8-8B4A-11D0-8D11-00A0C91BC942}") = "genqx16", "..\genqx16\genqx16.vcxproj", "{D26A626A-AE1D-4928-AFEB-00BBB0632644}"
EndProject
Project("{8BC9CEB8-8B4A-11D0-8D11-00A0C91BC942}") = "genqx32", "..\genqx32\genqx32.vcxproj", "{C5FED704-EBD3-44E5-B671-1F775F8256B9}"
EndProject
Project("{8BC9CEB8-8B4A-11D0-8D11-00A0C91BC942}") = "genqx64", "..\genqx64\genqx64.vcxproj", "{BE2F8803-AAFB-4C85-8C62-1CFF3C0CA0A8}"
EndProject
Project("{8BC9CEB8-8B4A-11D0-8D11-00A0C91BC942}") = "genss64", "..\genss64\genss64.vcxproj", "{6E271976-E829-4D3F-BA69-4E9FDC4211DC}"
EndProject
Project("{8BC9CEB8-8B4A-11D0-8D11-00A0C91BC942}") = "gensy64", "..\gensy64\gensy64.vcxproj", "{39786845-DA41-4FED-AB3F-CE304D0C074F}"
EndProject
Project("{8BC9CEB8-8B4A-11D0-8D11-00A0C91BC942}") = "gensy32", "..\gensy32\gensy32.vcxproj", "{B00B61ED-BEBB-403B-8AFA-554655AD6ED5}"
EndProject
Project("{8BC9CEB8-8B4A-11D0-8D11-00A0C91BC942}") = "nprime16", "..\nprime16\nprime16.vcxproj", "{D890FFE2-24AB-4EBE-9A24-866B48F6CE11}"
EndProject
Project("{8BC9CEB8-8B4A-11D0-8D11-00A0C91BC942}") = "nprime32", "..\nprime32\nprime32.vcxproj", "{606C8866-2458-4944-9733-8F824590740A}"
EndProject
Project("{8BC9CEB8-8B4A-11D0-8D11-00A0C91BC942}") = "nprime64", "..\nprime64\nprime64.vcxproj", "{13579324-946C-4734-953E-A625A35DE137}"
EndProject
Global
	GlobalSection(SolutionConfigurationPlatforms) = preSolution
		Release|ARM64 = Release|ARM64
		Release|x64 = Release|x64
		Release|x86 = Release|x86
	EndGlobalSection
	GlobalSection(ProjectConfigurationPlatforms) = postSolution
		{ED508DFA-A8E6-40FF-8675-9DBC9C2791AF}.Release|ARM64.ActiveCfg = Release|ARM64
		{ED508DFA-A8E6-40FF-8675-9DBC9C2791AF}.Release|ARM64.Build.0 = Release|ARM64
		{ED508DFA-A8E6-40FF-8675-9DBC9C2791AF}.Release|x64.ActiveCfg = Release|x64
		{ED508DFA-A8E6-40FF-8675-9DBC9C2791AF}.Release|x64.Build.0 = Release|x64
		{ED508DFA-A8E6-40FF-8675-9DBC9C2791AF}.Release|x86.ActiveCfg = Release|Win32
		{ED508DFA-A8E6-40FF-8675-9DBC9C2791AF}.Release|x86.Build.0 = Release|Win32
		{F23B70A0-B8EC-47E1-96A4-FE6DEF657989}.Release|ARM64.ActiveCfg = Release|ARM64
		{F23B70A0-B8EC-47E1-96A4-FE6DEF657989}.Release|ARM64.Build.0 = Release|ARM64
		{F23B70A0-B8EC-47E1-96A4-FE6DEF657989}.Release|x64.ActiveCfg = Release|x64
		{F23B70A0-B8EC-47E1-96A4-FE6DEF657989}.Release|x64.Build.0 = Release|x64
		{F23B70A0-B8EC-47E1-96A4-FE6DEF657989}.Release|x86.ActiveCfg = Release|Win32
		{F23B70A0-B8EC-47E1-96A4-FE6DEF657989}.Release|x86.Build.0 = Release|Win32
		{6FE28BDB-E859-4565-B25F-7636FDA4FA8C}.Release|ARM64.ActiveCfg = Release|ARM64
		{6FE28BDB-E859-4565-B25F-7636FDA4FA8C}.Release|ARM64.Build.0 = Release|ARM64
		{6FE28BDB-E859-4565-B25F-7636FDA4FA8C}.Release|x64.ActiveCfg = Release|x64
		{6FE28BDB-E859-4565-B25F-7636FDA4FA8C}.Release|x64.Build.0 = Release|x64
		{6FE28BDB-E859-4565-B25F-7636FDA4FA8C}.Release|x86.ActiveCfg = Release|Win32
		{6FE28BDB-E859-4565-B25F-7636FDA4FA8C}.Release|x86.Build.0 = Release|Win32
		{C4A596D4-DEE2-4D33-BB58-25800C25BFE9}.Release|ARM64.ActiveCfg = Release|ARM64
		{C4A596D4-DEE2-4D33-BB58-25800C25BFE9}.Release|ARM64.Build.0 = Release|ARM64
		{C4A596D4-DEE2-4D33-BB58-25800C25BFE9}.Release|x64.ActiveCfg = Release|x64
		{C4A596D4-DEE2-4D33-BB58-25800C25BFE9}.Release|x64.Build.0 = Release|x64
		{C4A596D4-DEE2-4D33-BB58-25800C25BFE9}.Release|x86.ActiveCfg = Release|Win32
		{C4A596D4-DEE2-4D33-BB58-25800C25BFE9}.Release|x86.Build.0 = Release|Win32
		{EE9E3976-D4F3-411B-9B53-1E796C0AB187}.Release|ARM64.ActiveCfg = Release|ARM64
		{EE9E3976-D4F3-411B-9B53-1E796C0AB187}.Release|ARM64.Build.0 = Release|ARM64
		{EE9E3976-D4F3-411B-9B53-1E796C0AB187}.Release|x64.ActiveCfg = Release|x64
		{EE9E3976-D4F3-411B-9B53-1E796C0AB187}.Release|x64.Build.0 = Release|x64
		{EE9E3976-D4F3-411B-9B53-1E796C0AB187}.Release|x86.ActiveCfg = Release|Win32
		{EE9E3976-D4F3-411B-9B53-1E796C0AB187}.Release|x86.Build.0 = Release|Win32
		{D26A626A-AE1D-4928-AFEB-00BBB0632644}.Release|ARM64.ActiveCfg = Release|ARM64
		{D26A626A-AE1D-4928-AFEB-00BBB0632644}.Release|ARM64.Build.0 = Release|ARM64
		{D26A626A-AE1D-4928-AFEB-00BBB0632644}.Release|x64.ActiveCfg = Release|x64
		{D26A626A-AE1D-4928-AFEB-00BBB0632644}.Release|x64.Build.0 = Release|x64
		{D26A626A-AE1D-4928-AFEB-00BBB0632644}.Release|x86.ActiveCfg = Release|Win32
		{D26A626A-AE1D-4928-AFEB-00BBB0632644}.Release|x86.Build.0 = Release|Win32
		{C5FED704-EBD3-44E5-B671-1F775F8256B9}.Release|ARM64.ActiveCfg = Release|ARM64
		{C5FED704-EBD3-44E5-B671-1F775F8256B9}.Release|ARM64.Build.0 = Release|ARM64
		{C5FED704-EBD3-44E5-B671-1F775F8256B9}.Release|x64.ActiveCfg = Release|x64
		{C5FED704-EBD3-44E5-B671-1F775F8256B9}.Release|x64.Build.0 = Release|x64
		{C5FED704-EBD3-44E5-B671-1F775F8256B9}.Release|x86.ActiveCfg = Release|Win32
		{C5FED704-EBD3-44E5-B671-1F775F8256B9}.Release|x86.Build.0 = Release|Win32
		{BE2F8803-AAFB-4C85-8C62-1CFF3C0CA0A8}.Release|ARM64.ActiveCfg = Release|ARM64
		{BE2F8803-AAFB-4C85-8C62-1CFF3C0CA0A8}.Release|ARM64.Build.0 = Release|ARM64
		{BE2F8803-AAFB-4C85-8C62-1CFF3C0CA0A8}.Release|x64.ActiveCfg = Release|x64
		{BE2F8803-AAFB-4C85-8C62-1CFF3C0CA0A8}.Release|x64.Build.0 = Release|x64
		{BE2F8803-AAFB-4C85-8C62-1CFF3C0CA0A8}.Release|x86.ActiveCfg = Release|Win32
		{BE2F8803-AAFB-4C85-8C62-1CFF3C0CA0A8}.Release|x86.Build.0 = Release|Win32
		{6E271976-E829-4D3F-BA69-4E9FDC4211DC}.Release|ARM64.ActiveCfg = Release|ARM64
		{6E271976-E829-4D3F-BA69-4E9FDC4211DC}.Release|ARM64.Build.0 = Release|ARM64
		{6E271976-E829-4D3F-BA69-4E9FDC4211DC}.Release|x64.ActiveCfg = Release|x64
		{6E271976-E829-4D3F-BA69-4E9FDC4211DC}.Release|x64.Build.0 = Release|x64
		{6E271976-E829-4D3F-BA69-4E9FDC4211DC}.Release|x86.ActiveCfg = Release|Win32
		{6E271976-E829-4D3F-BA69-4E9FDC4211DC}.Release|x86.Build.0 = Release|Win32
		{39786845-DA41-4FED-AB3F-CE304D0C074F}.Release|ARM64.ActiveCfg = Release|ARM64
		{39786845-DA41-4FED-AB3F-CE304D0C074F}.Release|ARM64.Build.0 = Release|ARM64
		{39786845-DA41-4FED-AB3F-CE304D0C074F}.Release|x64.ActiveCfg = Release|x64
		{39786845-DA41-4FED-AB3F-CE304D0C074F}.Release|x64.Build.0 = Release|x64
		{39786845-DA41-4FED-AB3F-CE304D0C074F}.Release|x86.ActiveCfg = Release|Win32
		{39786845-DA41-4FED-AB3F-CE304D0C074F}.Release|x86.Build.0 = Release|Win32
		{B00B61ED-BEBB-403B-8AFA-554655AD6ED5}.Release|ARM64.ActiveCfg = Release|ARM64
		{B00B61ED-BEBB-403B-8AFA-554655AD6ED5}.Release|ARM64.Build.0 = Release|ARM64
		{B00B61ED-BEBB-403B-8AFA-554655AD6ED5}.Release|x64.ActiveCfg = Release|x64
		{B00B61ED-BEBB-403B-8AFA-554655AD6ED5}.Release|x64.Build.0 = Release|x64
		{B00B61ED-BEBB-403B-8AFA-554655AD6ED5}.Release|x86.ActiveCfg = Release|Win32
		{B00B61ED-BEBB-403B-8AFA-554655AD6ED5}.Release|x86.Build.0 = Release|Win32
		{D890FFE2-24AB-4EBE-9A24-866B48F6CE11}.Release|ARM64.ActiveCfg = Release|ARM64
		{D890FFE2-24AB-4EBE-9A24-866B48F6CE11}.Release|ARM64.Build.0 = Release|ARM64
		{D890FFE2-24AB-4EBE-9A24-866B48F6CE11}.Release|x64.ActiveCfg = Release|x64
		{D890FFE2-24AB-4EBE-9A24-866B48F6CE11}.Release|x64.Build.0 = Release|x64
		{D890FFE2-24AB-4EBE-9A24-866B48F6CE11}.Release|x86.ActiveCfg = Release|Win32
		{D890FFE2-24AB-4EBE-9A24-866B48F6CE11}.Release|x86.Build.0 = Release|Win32
		{606C8866-2458-4944-9733-8F824590740A}.Release|ARM64.ActiveCfg = Release|ARM64
		{606C8866-2458-4944-9733-8F824590740A}.Release|ARM64.Build.0 = Release|ARM64
		{606C8866-2458-4944-9733-8F824590740A}.Release|x64.ActiveCfg = Release|x64
		{606C8866-2458-4944-9733-8F824590740A}.Release|x64.Build.0 = Release|x64
		{606C8866-2458-4944-9733-8F824590740A}.Release|x86.ActiveCfg = Release|Win32
		{606C8866-2458-4944-9733-8F824590740A}.Release|x86.Build.0 = Release|Win32
		{13579324-946C-4734-953E-A625A35DE137}.Release|ARM64.ActiveCfg = Release|ARM64
		{13579324-946C-4734-953E-A625A35DE137}.Release|ARM64.Build.0 = Release|ARM64
		{13579324-946C-4734-953E-A625A35DE137}.Release|x64.ActiveCfg = Release|x64
		{13579324-946C-4734-953E-A625A35DE137}.Release|x64.Build.0 = Release|x64
		{13579324-946C-4734-953E-A625A35DE137}.Release|x86.ActiveCfg = Release|Win32
		{13579324-946C-4734-953E-A625A35DE137}.Release|x86.Build.0 = Release|Win32
	EndGlobalSection
	GlobalSection(SolutionProperties) = preSolution
		HideSolutionNode = FALSE
	EndGlobalSection
	GlobalSection(ExtensibilityGlobals) = postSolution
		SolutionGuid = {27BF0DB3-6993-41CB-BDDA-6A9E30419F9A}
	EndGlobalSection
EndGlobal
